// !$*UTF8*$!
{
	archiveVersion = 1;
	classes = {
	};
	objectVersion = 46;
	objects = {

/* Begin PBXBuildFile section */
		3E5EE26917EDFDED00DE7776 /* Foundation.framework in Frameworks */ = {isa = PBXBuildFile; fileRef = 3E5EE26817EDFDED00DE7776 /* Foundation.framework */; };
		3E5EE26B17EDFDED00DE7776 /* CoreGraphics.framework in Frameworks */ = {isa = PBXBuildFile; fileRef = 3E5EE26A17EDFDED00DE7776 /* CoreGraphics.framework */; };
		3E5EE26D17EDFDED00DE7776 /* UIKit.framework in Frameworks */ = {isa = PBXBuildFile; fileRef = 3E5EE26C17EDFDED00DE7776 /* UIKit.framework */; };
		3E5EE27317EDFDEE00DE7776 /* InfoPlist.strings in Resources */ = {isa = PBXBuildFile; fileRef = 3E5EE27117EDFDEE00DE7776 /* InfoPlist.strings */; };
		3E5EE27517EDFDEE00DE7776 /* main.m in Sources */ = {isa = PBXBuildFile; fileRef = 3E5EE27417EDFDEE00DE7776 /* main.m */; };
		3E5EE27917EDFDEE00DE7776 /* AppDelegate.m in Sources */ = {isa = PBXBuildFile; fileRef = 3E5EE27817EDFDEE00DE7776 /* AppDelegate.m */; };
		3E5EE27C17EDFDEE00DE7776 /* Main.storyboard in Resources */ = {isa = PBXBuildFile; fileRef = 3E5EE27A17EDFDEE00DE7776 /* Main.storyboard */; };
		3E5EE27F17EDFDEE00DE7776 /* ViewController.m in Sources */ = {isa = PBXBuildFile; fileRef = 3E5EE27E17EDFDEE00DE7776 /* ViewController.m */; };
		3E5EE28117EDFDEE00DE7776 /* Images.xcassets in Resources */ = {isa = PBXBuildFile; fileRef = 3E5EE28017EDFDEE00DE7776 /* Images.xcassets */; };
		3E5EE28817EDFDEE00DE7776 /* XCTest.framework in Frameworks */ = {isa = PBXBuildFile; fileRef = 3E5EE28717EDFDEE00DE7776 /* XCTest.framework */; };
		3E5EE28917EDFDEE00DE7776 /* Foundation.framework in Frameworks */ = {isa = PBXBuildFile; fileRef = 3E5EE26817EDFDED00DE7776 /* Foundation.framework */; };
		3E5EE28A17EDFDEE00DE7776 /* UIKit.framework in Frameworks */ = {isa = PBXBuildFile; fileRef = 3E5EE26C17EDFDED00DE7776 /* UIKit.framework */; };
		3E5EE29217EDFDEE00DE7776 /* InfoPlist.strings in Resources */ = {isa = PBXBuildFile; fileRef = 3E5EE29017EDFDEE00DE7776 /* InfoPlist.strings */; };
		3E5EE29417EDFDEE00DE7776 /* EmpaTouchTests.m in Sources */ = {isa = PBXBuildFile; fileRef = 3E5EE29317EDFDEE00DE7776 /* EmpaTouchTests.m */; };
/* End PBXBuildFile section */

/* Begin PBXContainerItemProxy section */
		3E5EE28B17EDFDEE00DE7776 /* PBXContainerItemProxy */ = {
			isa = PBXContainerItemProxy;
			containerPortal = 3E5EE25D17EDFDED00DE7776 /* Project object */;
			proxyType = 1;
			remoteGlobalIDString = 3E5EE26417EDFDED00DE7776;
			remoteInfo = EmpaTouch;
		};
/* End PBXContainerItemProxy section */

/* Begin PBXFileReference section */
		3E5EE26517EDFDED00DE7776 /* EmpaTouch.app */ = {isa = PBXFileReference; explicitFileType = wrapper.application; includeInIndex = 0; path = EmpaTouch.app; sourceTree = BUILT_PRODUCTS_DIR; };
		3E5EE26817EDFDED00DE7776 /* Foundation.framework */ = {isa = PBXFileReference; lastKnownFileType = wrapper.framework; name = Foundation.framework; path = System/Library/Frameworks/Foundation.framework; sourceTree = SDKROOT; };
		3E5EE26A17EDFDED00DE7776 /* CoreGraphics.framework */ = {isa = PBXFileReference; lastKnownFileType = wrapper.framework; name = CoreGraphics.framework; path = System/Library/Frameworks/CoreGraphics.framework; sourceTree = SDKROOT; };
		3E5EE26C17EDFDED00DE7776 /* UIKit.framework */ = {isa = PBXFileReference; lastKnownFileType = wrapper.framework; name = UIKit.framework; path = System/Library/Frameworks/UIKit.framework; sourceTree = SDKROOT; };
		3E5EE27017EDFDEE00DE7776 /* EmpaTouch-Info.plist */ = {isa = PBXFileReference; lastKnownFileType = text.plist.xml; path = "EmpaTouch-Info.plist"; sourceTree = "<group>"; };
		3E5EE27217EDFDEE00DE7776 /* en */ = {isa = PBXFileReference; lastKnownFileType = text.plist.strings; name = en; path = en.lproj/InfoPlist.strings; sourceTree = "<group>"; };
		3E5EE27417EDFDEE00DE7776 /* main.m */ = {isa = PBXFileReference; lastKnownFileType = sourcecode.c.objc; path = main.m; sourceTree = "<group>"; };
		3E5EE27617EDFDEE00DE7776 /* EmpaTouch-Prefix.pch */ = {isa = PBXFileReference; lastKnownFileType = sourcecode.c.h; path = "EmpaTouch-Prefix.pch"; sourceTree = "<group>"; };
		3E5EE27717EDFDEE00DE7776 /* AppDelegate.h */ = {isa = PBXFileReference; lastKnownFileType = sourcecode.c.h; path = AppDelegate.h; sourceTree = "<group>"; };
		3E5EE27817EDFDEE00DE7776 /* AppDelegate.m */ = {isa = PBXFileReference; lastKnownFileType = sourcecode.c.objc; path = AppDelegate.m; sourceTree = "<group>"; };
		3E5EE27B17EDFDEE00DE7776 /* Base */ = {isa = PBXFileReference; lastKnownFileType = file.storyboard; name = Base; path = Base.lproj/Main.storyboard; sourceTree = "<group>"; };
		3E5EE27D17EDFDEE00DE7776 /* ViewController.h */ = {isa = PBXFileReference; lastKnownFileType = sourcecode.c.h; path = ViewController.h; sourceTree = "<group>"; };
		3E5EE27E17EDFDEE00DE7776 /* ViewController.m */ = {isa = PBXFileReference; lastKnownFileType = sourcecode.c.objc; path = ViewController.m; sourceTree = "<group>"; };
		3E5EE28017EDFDEE00DE7776 /* Images.xcassets */ = {isa = PBXFileReference; lastKnownFileType = folder.assetcatalog; path = Images.xcassets; sourceTree = "<group>"; };
		3E5EE28617EDFDEE00DE7776 /* EmpaTouchTests.xctest */ = {isa = PBXFileReference; explicitFileType = wrapper.cfbundle; includeInIndex = 0; path = EmpaTouchTests.xctest; sourceTree = BUILT_PRODUCTS_DIR; };
		3E5EE28717EDFDEE00DE7776 /* XCTest.framework */ = {isa = PBXFileReference; lastKnownFileType = wrapper.framework; name = XCTest.framework; path = Library/Frameworks/XCTest.framework; sourceTree = DEVELOPER_DIR; };
		3E5EE28F17EDFDEE00DE7776 /* EmpaTouchTests-Info.plist */ = {isa = PBXFileReference; lastKnownFileType = text.plist.xml; path = "EmpaTouchTests-Info.plist"; sourceTree = "<group>"; };
		3E5EE29117EDFDEE00DE7776 /* en */ = {isa = PBXFileReference; lastKnownFileType = text.plist.strings; name = en; path = en.lproj/InfoPlist.strings; sourceTree = "<group>"; };
		3E5EE29317EDFDEE00DE7776 /* EmpaTouchTests.m */ = {isa = PBXFileReference; lastKnownFileType = sourcecode.c.objc; path = EmpaTouchTests.m; sourceTree = "<group>"; };
/* End PBXFileReference section */

/* Begin PBXFrameworksBuildPhase section */
		3E5EE26217EDFDED00DE7776 /* Frameworks */ = {
			isa = PBXFrameworksBuildPhase;
			buildActionMask = 2147483647;
			files = (
				3E5EE26B17EDFDED00DE7776 /* CoreGraphics.framework in Frameworks */,
				3E5EE26D17EDFDED00DE7776 /* UIKit.framework in Frameworks */,
				3E5EE26917EDFDED00DE7776 /* Foundation.framework in Frameworks */,
			);
			runOnlyForDeploymentPostprocessing = 0;
		};
		3E5EE28317EDFDEE00DE7776 /* Frameworks */ = {
			isa = PBXFrameworksBuildPhase;
			buildActionMask = 2147483647;
			files = (
				3E5EE28817EDFDEE00DE7776 /* XCTest.framework in Frameworks */,
				3E5EE28A17EDFDEE00DE7776 /* UIKit.framework in Frameworks */,
				3E5EE28917EDFDEE00DE7776 /* Foundation.framework in Frameworks */,
			);
			runOnlyForDeploymentPostprocessing = 0;
		};
/* End PBXFrameworksBuildPhase section */

/* Begin PBXGroup section */
		3E5EE25C17EDFDED00DE7776 = {
			isa = PBXGroup;
			children = (
				3E5EE26E17EDFDED00DE7776 /* EmpaTouch */,
				3E5EE28D17EDFDEE00DE7776 /* EmpaTouchTests */,
				3E5EE26717EDFDED00DE7776 /* Frameworks */,
				3E5EE26617EDFDED00DE7776 /* Products */,
			);
			sourceTree = "<group>";
		};
		3E5EE26617EDFDED00DE7776 /* Products */ = {
			isa = PBXGroup;
			children = (
				3E5EE26517EDFDED00DE7776 /* EmpaTouch.app */,
				3E5EE28617EDFDEE00DE7776 /* EmpaTouchTests.xctest */,
			);
			name = Products;
			sourceTree = "<group>";
		};
		3E5EE26717EDFDED00DE7776 /* Frameworks */ = {
			isa = PBXGroup;
			children = (
				3E5EE26817EDFDED00DE7776 /* Foundation.framework */,
				3E5EE26A17EDFDED00DE7776 /* CoreGraphics.framework */,
				3E5EE26C17EDFDED00DE7776 /* UIKit.framework */,
				3E5EE28717EDFDEE00DE7776 /* XCTest.framework */,
			);
			name = Frameworks;
			sourceTree = "<group>";
		};
		3E5EE26E17EDFDED00DE7776 /* EmpaTouch */ = {
			isa = PBXGroup;
			children = (
				3E5EE27717EDFDEE00DE7776 /* AppDelegate.h */,
				3E5EE27817EDFDEE00DE7776 /* AppDelegate.m */,
				3E5EE27A17EDFDEE00DE7776 /* Main.storyboard */,
				3E5EE27D17EDFDEE00DE7776 /* ViewController.h */,
				3E5EE27E17EDFDEE00DE7776 /* ViewController.m */,
				3E5EE28017EDFDEE00DE7776 /* Images.xcassets */,
				3E5EE26F17EDFDEE00DE7776 /* Supporting Files */,
			);
			path = EmpaTouch;
			sourceTree = "<group>";
		};
		3E5EE26F17EDFDEE00DE7776 /* Supporting Files */ = {
			isa = PBXGroup;
			children = (
				3E5EE27017EDFDEE00DE7776 /* EmpaTouch-Info.plist */,
				3E5EE27117EDFDEE00DE7776 /* InfoPlist.strings */,
				3E5EE27417EDFDEE00DE7776 /* main.m */,
				3E5EE27617EDFDEE00DE7776 /* EmpaTouch-Prefix.pch */,
			);
			name = "Supporting Files";
			sourceTree = "<group>";
		};
		3E5EE28D17EDFDEE00DE7776 /* EmpaTouchTests */ = {
			isa = PBXGroup;
			children = (
				3E5EE29317EDFDEE00DE7776 /* EmpaTouchTests.m */,
				3E5EE28E17EDFDEE00DE7776 /* Supporting Files */,
			);
			path = EmpaTouchTests;
			sourceTree = "<group>";
		};
		3E5EE28E17EDFDEE00DE7776 /* Supporting Files */ = {
			isa = PBXGroup;
			children = (
				3E5EE28F17EDFDEE00DE7776 /* EmpaTouchTests-Info.plist */,
				3E5EE29017EDFDEE00DE7776 /* InfoPlist.strings */,
			);
			name = "Supporting Files";
			sourceTree = "<group>";
		};
/* End PBXGroup section */

/* Begin PBXNativeTarget section */
		3E5EE26417EDFDED00DE7776 /* EmpaTouch */ = {
			isa = PBXNativeTarget;
			buildConfigurationList = 3E5EE29717EDFDEE00DE7776 /* Build configuration list for PBXNativeTarget "EmpaTouch" */;
			buildPhases = (
				3E5EE26117EDFDED00DE7776 /* Sources */,
				3E5EE26217EDFDED00DE7776 /* Frameworks */,
				3E5EE26317EDFDED00DE7776 /* Resources */,
			);
			buildRules = (
			);
			dependencies = (
			);
			name = EmpaTouch;
			productName = EmpaTouch;
			productReference = 3E5EE26517EDFDED00DE7776 /* EmpaTouch.app */;
			productType = "com.apple.product-type.application";
		};
		3E5EE28517EDFDEE00DE7776 /* EmpaTouchTests */ = {
			isa = PBXNativeTarget;
			buildConfigurationList = 3E5EE29A17EDFDEE00DE7776 /* Build configuration list for PBXNativeTarget "EmpaTouchTests" */;
			buildPhases = (
				3E5EE28217EDFDEE00DE7776 /* Sources */,
				3E5EE28317EDFDEE00DE7776 /* Frameworks */,
				3E5EE28417EDFDEE00DE7776 /* Resources */,
			);
			buildRules = (
			);
			dependencies = (
				3E5EE28C17EDFDEE00DE7776 /* PBXTargetDependency */,
			);
			name = EmpaTouchTests;
			productName = EmpaTouchTests;
			productReference = 3E5EE28617EDFDEE00DE7776 /* EmpaTouchTests.xctest */;
			productType = "com.apple.product-type.bundle.unit-test";
		};
/* End PBXNativeTarget section */

/* Begin PBXProject section */
		3E5EE25D17EDFDED00DE7776 /* Project object */ = {
			isa = PBXProject;
			attributes = {
				LastUpgradeCheck = 0500;
				ORGANIZATIONNAME = "Fernando Paredes";
				TargetAttributes = {
					3E5EE28517EDFDEE00DE7776 = {
						TestTargetID = 3E5EE26417EDFDED00DE7776;
					};
				};
			};
			buildConfigurationList = 3E5EE26017EDFDED00DE7776 /* Build configuration list for PBXProject "EmpaTouch" */;
			compatibilityVersion = "Xcode 3.2";
			developmentRegion = English;
			hasScannedForEncodings = 0;
			knownRegions = (
				en,
				Base,
			);
			mainGroup = 3E5EE25C17EDFDED00DE7776;
			productRefGroup = 3E5EE26617EDFDED00DE7776 /* Products */;
			projectDirPath = "";
			projectRoot = "";
			targets = (
				3E5EE26417EDFDED00DE7776 /* EmpaTouch */,
				3E5EE28517EDFDEE00DE7776 /* EmpaTouchTests */,
			);
		};
/* End PBXProject section */

/* Begin PBXResourcesBuildPhase section */
		3E5EE26317EDFDED00DE7776 /* Resources */ = {
			isa = PBXResourcesBuildPhase;
			buildActionMask = 2147483647;
			files = (
				3E5EE28117EDFDEE00DE7776 /* Images.xcassets in Resources */,
				3E5EE27317EDFDEE00DE7776 /* InfoPlist.strings in Resources */,
				3E5EE27C17EDFDEE00DE7776 /* Main.storyboard in Resources */,
			);
			runOnlyForDeploymentPostprocessing = 0;
		};
		3E5EE28417EDFDEE00DE7776 /* Resources */ = {
			isa = PBXResourcesBuildPhase;
			buildActionMask = 2147483647;
			files = (
				3E5EE29217EDFDEE00DE7776 /* InfoPlist.strings in Resources */,
			);
			runOnlyForDeploymentPostprocessing = 0;
		};
/* End PBXResourcesBuildPhase section */

/* Begin PBXSourcesBuildPhase section */
		3E5EE26117EDFDED00DE7776 /* Sources */ = {
			isa = PBXSourcesBuildPhase;
			buildActionMask = 2147483647;
			files = (
				3E5EE27F17EDFDEE00DE7776 /* ViewController.m in Sources */,
				3E5EE27917EDFDEE00DE7776 /* AppDelegate.m in Sources */,
				3E5EE27517EDFDEE00DE7776 /* main.m in Sources */,
			);
			runOnlyForDeploymentPostprocessing = 0;
		};
		3E5EE28217EDFDEE00DE7776 /* Sources */ = {
			isa = PBXSourcesBuildPhase;
			buildActionMask = 2147483647;
			files = (
				3E5EE29417EDFDEE00DE7776 /* EmpaTouchTests.m in Sources */,
			);
			runOnlyForDeploymentPostprocessing = 0;
		};
/* End PBXSourcesBuildPhase section */

/* Begin PBXTargetDependency section */
		3E5EE28C17EDFDEE00DE7776 /* PBXTargetDependency */ = {
			isa = PBXTargetDependency;
			target = 3E5EE26417EDFDED00DE7776 /* EmpaTouch */;
			targetProxy = 3E5EE28B17EDFDEE00DE7776 /* PBXContainerItemProxy */;
		};
/* End PBXTargetDependency section */

/* Begin PBXVariantGroup section */
		3E5EE27117EDFDEE00DE7776 /* InfoPlist.strings */ = {
			isa = PBXVariantGroup;
			children = (
				3E5EE27217EDFDEE00DE7776 /* en */,
			);
			name = InfoPlist.strings;
			sourceTree = "<group>";
		};
		3E5EE27A17EDFDEE00DE7776 /* Main.storyboard */ = {
			isa = PBXVariantGroup;
			children = (
				3E5EE27B17EDFDEE00DE7776 /* Base */,
			);
			name = Main.storyboard;
			sourceTree = "<group>";
		};
		3E5EE29017EDFDEE00DE7776 /* InfoPlist.strings */ = {
			isa = PBXVariantGroup;
			children = (
				3E5EE29117EDFDEE00DE7776 /* en */,
			);
			name = InfoPlist.strings;
			sourceTree = "<group>";
		};
/* End PBXVariantGroup section */

/* Begin XCBuildConfiguration section */
		3E5EE29517EDFDEE00DE7776 /* Debug */ = {
			isa = XCBuildConfiguration;
			buildSettings = {
				ALWAYS_SEARCH_USER_PATHS = NO;
				ARCHS = "$(ARCHS_STANDARD_INCLUDING_64_BIT)";
				CLANG_CXX_LANGUAGE_STANDARD = "gnu++0x";
				CLANG_CXX_LIBRARY = "libc++";
				CLANG_ENABLE_MODULES = YES;
				CLANG_ENABLE_OBJC_ARC = YES;
				CLANG_WARN_BOOL_CONVERSION = YES;
				CLANG_WARN_CONSTANT_CONVERSION = YES;
				CLANG_WARN_DIRECT_OBJC_ISA_USAGE = YES_ERROR;
				CLANG_WARN_EMPTY_BODY = YES;
				CLANG_WARN_ENUM_CONVERSION = YES;
				CLANG_WARN_INT_CONVERSION = YES;
				CLANG_WARN_OBJC_ROOT_CLASS = YES_ERROR;
				CLANG_WARN__DUPLICATE_METHOD_MATCH = YES;
				"CODE_SIGN_IDENTITY[sdk=iphoneos*]" = "iPhone Developer";
				COPY_PHASE_STRIP = NO;
				GCC_C_LANGUAGE_STANDARD = gnu99;
				GCC_DYNAMIC_NO_PIC = NO;
				GCC_OPTIMIZATION_LEVEL = 0;
				GCC_PREPROCESSOR_DEFINITIONS = (
					"DEBUG=1",
					"$(inherited)",
				);
				GCC_SYMBOLS_PRIVATE_EXTERN = NO;
				GCC_WARN_64_TO_32_BIT_CONVERSION = YES;
				GCC_WARN_ABOUT_RETURN_TYPE = YES_ERROR;
				GCC_WARN_UNDECLARED_SELECTOR = YES;
				GCC_WARN_UNINITIALIZED_AUTOS = YES;
				GCC_WARN_UNUSED_FUNCTION = YES;
				GCC_WARN_UNUSED_VARIABLE = YES;
				IPHONEOS_DEPLOYMENT_TARGET = 7.0;
				ONLY_ACTIVE_ARCH = YES;
				SDKROOT = iphoneos;
			};
			name = Debug;
		};
		3E5EE29617EDFDEE00DE7776 /* Release */ = {
			isa = XCBuildConfiguration;
			buildSettings = {
				ALWAYS_SEARCH_USER_PATHS = NO;
				ARCHS = "$(ARCHS_STANDARD_INCLUDING_64_BIT)";
				CLANG_CXX_LANGUAGE_STANDARD = "gnu++0x";
				CLANG_CXX_LIBRARY = "libc++";
				CLANG_ENABLE_MODULES = YES;
				CLANG_ENABLE_OBJC_ARC = YES;
				CLANG_WARN_BOOL_CONVERSION = YES;
				CLANG_WARN_CONSTANT_CONVERSION = YES;
				CLANG_WARN_DIRECT_OBJC_ISA_USAGE = YES_ERROR;
				CLANG_WARN_EMPTY_BODY = YES;
				CLANG_WARN_ENUM_CONVERSION = YES;
				CLANG_WARN_INT_CONVERSION = YES;
				CLANG_WARN_OBJC_ROOT_CLASS = YES_ERROR;
				CLANG_WARN__DUPLICATE_METHOD_MATCH = YES;
				"CODE_SIGN_IDENTITY[sdk=iphoneos*]" = "iPhone Developer";
				COPY_PHASE_STRIP = YES;
				ENABLE_NS_ASSERTIONS = NO;
				GCC_C_LANGUAGE_STANDARD = gnu99;
				GCC_WARN_64_TO_32_BIT_CONVERSION = YES;
				GCC_WARN_ABOUT_RETURN_TYPE = YES_ERROR;
				GCC_WARN_UNDECLARED_SELECTOR = YES;
				GCC_WARN_UNINITIALIZED_AUTOS = YES;
				GCC_WARN_UNUSED_FUNCTION = YES;
				GCC_WARN_UNUSED_VARIABLE = YES;
				IPHONEOS_DEPLOYMENT_TARGET = 7.0;
				SDKROOT = iphoneos;
				VALIDATE_PRODUCT = YES;
			};
			name = Release;
		};
		3E5EE29817EDFDEE00DE7776 /* Debug */ = {
			isa = XCBuildConfiguration;
			buildSettings = {
				ASSETCATALOG_COMPILER_APPICON_NAME = AppIcon;
				ASSETCATALOG_COMPILER_LAUNCHIMAGE_NAME = LaunchImage;
				GCC_PRECOMPILE_PREFIX_HEADER = YES;
				GCC_PREFIX_HEADER = "EmpaTouch/EmpaTouch-Prefix.pch";
				INFOPLIST_FILE = "EmpaTouch/EmpaTouch-Info.plist";
				PRODUCT_NAME = "$(TARGET_NAME)";
				WRAPPER_EXTENSION = app;
			};
			name = Debug;
		};
		3E5EE29917EDFDEE00DE7776 /* Release */ = {
			isa = XCBuildConfiguration;
			buildSettings = {
				ASSETCATALOG_COMPILER_APPICON_NAME = AppIcon;
				ASSETCATALOG_COMPILER_LAUNCHIMAGE_NAME = LaunchImage;
				GCC_PRECOMPILE_PREFIX_HEADER = YES;
				GCC_PREFIX_HEADER = "EmpaTouch/EmpaTouch-Prefix.pch";
				INFOPLIST_FILE = "EmpaTouch/EmpaTouch-Info.plist";
				PRODUCT_NAME = "$(TARGET_NAME)";
				WRAPPER_EXTENSION = app;
			};
			name = Release;
		};
		3E5EE29B17EDFDEE00DE7776 /* Debug */ = {
			isa = XCBuildConfiguration;
			buildSettings = {
				ARCHS = "$(ARCHS_STANDARD_INCLUDING_64_BIT)";
				BUNDLE_LOADER = "$(BUILT_PRODUCTS_DIR)/EmpaTouch.app/EmpaTouch";
				FRAMEWORK_SEARCH_PATHS = (
					"$(SDKROOT)/Developer/Library/Frameworks",
					"$(inherited)",
					"$(DEVELOPER_FRAMEWORKS_DIR)",
				);
				GCC_PRECOMPILE_PREFIX_HEADER = YES;
				GCC_PREFIX_HEADER = "EmpaTouch/EmpaTouch-Prefix.pch";
				GCC_PREPROCESSOR_DEFINITIONS = (
					"DEBUG=1",
					"$(inherited)",
				);
				INFOPLIST_FILE = "EmpaTouchTests/EmpaTouchTests-Info.plist";
				PRODUCT_NAME = "$(TARGET_NAME)";
				TEST_HOST = "$(BUNDLE_LOADER)";
				WRAPPER_EXTENSION = xctest;
			};
			name = Debug;
		};
		3E5EE29C17EDFDEE00DE7776 /* Release */ = {
			isa = XCBuildConfiguration;
			buildSettings = {
				ARCHS = "$(ARCHS_STANDARD_INCLUDING_64_BIT)";
				BUNDLE_LOADER = "$(BUILT_PRODUCTS_DIR)/EmpaTouch.app/EmpaTouch";
				FRAMEWORK_SEARCH_PATHS = (
					"$(SDKROOT)/Developer/Library/Frameworks",
					"$(inherited)",
					"$(DEVELOPER_FRAMEWORKS_DIR)",
				);
				GCC_PRECOMPILE_PREFIX_HEADER = YES;
				GCC_PREFIX_HEADER = "EmpaTouch/EmpaTouch-Prefix.pch";
				INFOPLIST_FILE = "EmpaTouchTests/EmpaTouchTests-Info.plist";
				PRODUCT_NAME = "$(TARGET_NAME)";
				TEST_HOST = "$(BUNDLE_LOADER)";
				WRAPPER_EXTENSION = xctest;
			};
			name = Release;
		};
/* End XCBuildConfiguration section */

/* Begin XCConfigurationList section */
		3E5EE26017EDFDED00DE7776 /* Build configuration list for PBXProject "EmpaTouch" */ = {
			isa = XCConfigurationList;
			buildConfigurations = (
				3E5EE29517EDFDEE00DE7776 /* Debug */,
				3E5EE29617EDFDEE00DE7776 /* Release */,
			);
			defaultConfigurationIsVisible = 0;
			defaultConfigurationName = Release;
		};
		3E5EE29717EDFDEE00DE7776 /* Build configuration list for PBXNativeTarget "EmpaTouch" */ = {
			isa = XCConfigurationList;
			buildConfigurations = (
				3E5EE29817EDFDEE00DE7776 /* Debug */,
				3E5EE29917EDFDEE00DE7776 /* Release */,
			);
			defaultConfigurationIsVisible = 0;
		};
		3E5EE29A17EDFDEE00DE7776 /* Build configuration list for PBXNativeTarget "EmpaTouchTests" */ = {
			isa = XCConfigurationList;
			buildConfigurations = (
				3E5EE29B17EDFDEE00DE7776 /* Debug */,
				3E5EE29C17EDFDEE00DE7776 /* Release */,
			);
			defaultConfigurationIsVisible = 0;
		};
/* End XCConfigurationList section */
	};
	rootObject = 3E5EE25D17EDFDED00DE7776 /* Project object */;
}
